{
  "name": "prokem",
  "version": "0.0.0",
  "lockfileVersion": 3,
  "requires": true,
  "packages": {
    "": {
      "name": "prokem",
      "version": "0.0.0",
      "license": "MIT",
      "dependencies": {
        "libil": "0.1.2"
      },
      "engines": {
        "node": ">=20"
      }
    },
    "node_modules/libil": {
      "version": "0.1.2",
      "resolved": "https://registry.npmjs.org/libil/-/libil-0.1.2.tgz",
      "integrity": "sha512-N/I39i4HdZqFs8oPzoI6t3CS3O1nKJtJCvCQC0LtDKu8FfLHtlFCpH10a41KMRwbq2z7SmtwqUdfTSMoSEb97g==",
      "license": "MIT"
    }
  }
}
